{
  "object": {
    "pins": [
      {
        "package": "ReactorKit",
        "repositoryURL": "https://github.com/ReactorKit/ReactorKit.git",
        "state": {
          "branch": "swift-4.0",
          "revision": "eafe402d38189f8d07b513cd0c812856cca81bcc",
          "version": null
        }
      },
      {
        "package": "RxDataSources",
        "repositoryURL": "https://github.com/RxSwiftCommunity/RxDataSources.git",
        "state": {
          "branch": "swift4.0",
          "revision": "847b3ce429f5dab62ddc00d5d2d10131a650af11",
          "version": null
        }
      },
      {
        "package": "RxExpect",
        "repositoryURL": "https://github.com/devxoul/RxExpect.git",
        "state": {
          "branch": "swift-4.0",
          "revision": "b3726078bf37f699da9e7566b16c996e94e8d321",
          "version": null
        }
      },
      {
        "package": "RxSwift",
        "repositoryURL": "https://github.com/ReactiveX/RxSwift.git",
        "state": {
          "branch": "rxswift4.0-swift4.0",
          "revision": "cb0fb3bda41f2a5622909b6e6deafd435efaf859",
          "version": null
        }
      }
    ]
  },
  "version": 1
}
